
Microsoft Visual Studio Solution File, Format Version 12.00
# Visual Studio Version 17
VisualStudioVersion = 17.9.34701.34
MinimumVisualStudioVersion = 10.0.40219.1
Project("{9A19103F-16F7-4668-BE54-9A1E7A4F7556}") = "API", "BillingApi\API.csproj", "{43B82201-E5D3-4860-9CE1-53A0C57C0BF5}"
EndProject
Project("{9A19103F-16F7-4668-BE54-9A1E7A4F7556}") = "Services", "Services\Services.csproj", "{CFE4D2BC-E577-419A-B7C7-3B3D9095560B}"
EndProject
Project("{9A19103F-16F7-4668-BE54-9A1E7A4F7556}") = "Data", "Data\Data.csproj", "{81482C8B-B2F1-4055-AAB8-CA079D589007}"
EndProject
Project("{FAE04EC0-301F-11D3-BF4B-00C04F79EFBC}") = "Tests", "Tests\Tests.csproj", "{732DEFD9-4263-4CD2-ACD0-DA3CFF12E0BF}"
EndProject
Global
	GlobalSection(SolutionConfigurationPlatforms) = preSolution
		Debug|Any CPU = Debug|Any CPU
		Release|Any CPU = Release|Any CPU
	EndGlobalSection
	GlobalSection(ProjectConfigurationPlatforms) = postSolution
		{43B82201-E5D3-4860-9CE1-53A0C57C0BF5}.Debug|Any CPU.ActiveCfg = Debug|Any CPU
		{43B82201-E5D3-4860-9CE1-53A0C57C0BF5}.Debug|Any CPU.Build.0 = Debug|Any CPU
		{43B82201-E5D3-4860-9CE1-53A0C57C0BF5}.Release|Any CPU.ActiveCfg = Release|Any CPU
		{43B82201-E5D3-4860-9CE1-53A0C57C0BF5}.Release|Any CPU.Build.0 = Release|Any CPU
		{CFE4D2BC-E577-419A-B7C7-3B3D9095560B}.Debug|Any CPU.ActiveCfg = Debug|Any CPU
		{CFE4D2BC-E577-419A-B7C7-3B3D9095560B}.Debug|Any CPU.Build.0 = Debug|Any CPU
		{CFE4D2BC-E577-419A-B7C7-3B3D9095560B}.Release|Any CPU.ActiveCfg = Release|Any CPU
		{CFE4D2BC-E577-419A-B7C7-3B3D9095560B}.Release|Any CPU.Build.0 = Release|Any CPU
		{81482C8B-B2F1-4055-AAB8-CA079D589007}.Debug|Any CPU.ActiveCfg = Debug|Any CPU
		{81482C8B-B2F1-4055-AAB8-CA079D589007}.Debug|Any CPU.Build.0 = Debug|Any CPU
		{81482C8B-B2F1-4055-AAB8-CA079D589007}.Release|Any CPU.ActiveCfg = Release|Any CPU
		{81482C8B-B2F1-4055-AAB8-CA079D589007}.Release|Any CPU.Build.0 = Release|Any CPU
		{732DEFD9-4263-4CD2-ACD0-DA3CFF12E0BF}.Debug|Any CPU.ActiveCfg = Debug|Any CPU
		{732DEFD9-4263-4CD2-ACD0-DA3CFF12E0BF}.Debug|Any CPU.Build.0 = Debug|Any CPU
		{732DEFD9-4263-4CD2-ACD0-DA3CFF12E0BF}.Release|Any CPU.ActiveCfg = Release|Any CPU
		{732DEFD9-4263-4CD2-ACD0-DA3CFF12E0BF}.Release|Any CPU.Build.0 = Release|Any CPU
	EndGlobalSection
	GlobalSection(SolutionProperties) = preSolution
		HideSolutionNode = FALSE
	EndGlobalSection
	GlobalSection(ExtensibilityGlobals) = postSolution
		SolutionGuid = {81D41DAE-2829-49F4-9692-923B12BA1713}
	EndGlobalSection
EndGlobal
